
Microsoft Visual Studio Solution File, Format Version 12.00
# Visual Studio Version 17
VisualStudioVersion = 17.2.32526.322
MinimumVisualStudioVersion = 10.0.40219.1
Project("{9A19103F-16F7-4668-BE54-9A1E7A4F7556}") = "PredmetProjekat.WebApi", "PredmetProjekat.WebApi\PredmetProjekat.WebApi.csproj", "{CDF9C87C-48AE-45C0-8656-D6C56D51BE66}"
EndProject
Project("{9A19103F-16F7-4668-BE54-9A1E7A4F7556}") = "PredmetProjekat.Common", "PredmetProjekat.Common\PredmetProjekat.Common.csproj", "{DACC0DD0-7DFE-4EAF-A8CE-453038CD0767}"
EndProject
Project("{9A19103F-16F7-4668-BE54-9A1E7A4F7556}") = "PredmetProjekat.Services", "PredmetProjekat.Services\PredmetProjekat.Services.csproj", "{9784526B-9E3F-4496-BBA6-3059F951AD17}"
EndProject
Project("{FAE04EC0-301F-11D3-BF4B-00C04F79EFBC}") = "PredmetProjekat.Repositories", "PredmetProjekat.Repositories\PredmetProjekat.Repositories.csproj", "{B092FA9A-25D9-42E7-A424-945DCAFE8E7A}"
EndProject
Project("{FAE04EC0-301F-11D3-BF4B-00C04F79EFBC}") = "PredmetProjekat.Models", "PredmetProjekat.Models\PredmetProjekat.Models.csproj", "{48207C0C-FECA-464E-8262-EBC8D9BF7D31}"
EndProject
Global
	GlobalSection(SolutionConfigurationPlatforms) = preSolution
		Debug|Any CPU = Debug|Any CPU
		Release|Any CPU = Release|Any CPU
	EndGlobalSection
	GlobalSection(ProjectConfigurationPlatforms) = postSolution
		{CDF9C87C-48AE-45C0-8656-D6C56D51BE66}.Debug|Any CPU.ActiveCfg = Debug|Any CPU
		{CDF9C87C-48AE-45C0-8656-D6C56D51BE66}.Debug|Any CPU.Build.0 = Debug|Any CPU
		{CDF9C87C-48AE-45C0-8656-D6C56D51BE66}.Release|Any CPU.ActiveCfg = Release|Any CPU
		{CDF9C87C-48AE-45C0-8656-D6C56D51BE66}.Release|Any CPU.Build.0 = Release|Any CPU
		{DACC0DD0-7DFE-4EAF-A8CE-453038CD0767}.Debug|Any CPU.ActiveCfg = Debug|Any CPU
		{DACC0DD0-7DFE-4EAF-A8CE-453038CD0767}.Debug|Any CPU.Build.0 = Debug|Any CPU
		{DACC0DD0-7DFE-4EAF-A8CE-453038CD0767}.Release|Any CPU.ActiveCfg = Release|Any CPU
		{DACC0DD0-7DFE-4EAF-A8CE-453038CD0767}.Release|Any CPU.Build.0 = Release|Any CPU
		{9784526B-9E3F-4496-BBA6-3059F951AD17}.Debug|Any CPU.ActiveCfg = Debug|Any CPU
		{9784526B-9E3F-4496-BBA6-3059F951AD17}.Debug|Any CPU.Build.0 = Debug|Any CPU
		{9784526B-9E3F-4496-BBA6-3059F951AD17}.Release|Any CPU.ActiveCfg = Release|Any CPU
		{9784526B-9E3F-4496-BBA6-3059F951AD17}.Release|Any CPU.Build.0 = Release|Any CPU
		{B092FA9A-25D9-42E7-A424-945DCAFE8E7A}.Debug|Any CPU.ActiveCfg = Debug|Any CPU
		{B092FA9A-25D9-42E7-A424-945DCAFE8E7A}.Debug|Any CPU.Build.0 = Debug|Any CPU
		{B092FA9A-25D9-42E7-A424-945DCAFE8E7A}.Release|Any CPU.ActiveCfg = Release|Any CPU
		{B092FA9A-25D9-42E7-A424-945DCAFE8E7A}.Release|Any CPU.Build.0 = Release|Any CPU
		{48207C0C-FECA-464E-8262-EBC8D9BF7D31}.Debug|Any CPU.ActiveCfg = Debug|Any CPU
		{48207C0C-FECA-464E-8262-EBC8D9BF7D31}.Debug|Any CPU.Build.0 = Debug|Any CPU
		{48207C0C-FECA-464E-8262-EBC8D9BF7D31}.Release|Any CPU.ActiveCfg = Release|Any CPU
		{48207C0C-FECA-464E-8262-EBC8D9BF7D31}.Release|Any CPU.Build.0 = Release|Any CPU
	EndGlobalSection
	GlobalSection(SolutionProperties) = preSolution
		HideSolutionNode = FALSE
	EndGlobalSection
	GlobalSection(ExtensibilityGlobals) = postSolution
		SolutionGuid = {4148BDA8-18B4-41A9-A11F-C94E257A108E}
	EndGlobalSection
EndGlobal
